
Microsoft Visual Studio Solution File, Format Version 12.00
Project("{FAE04EC0-301F-11D3-BF4B-00C04F79EFBC}") = "YesWeCan", "YesWeCan\YesWeCan.csproj", "{AC0F5AD3-14E6-4A6B-83BB-6F4B863E5F67}"
EndProject
Global
	GlobalSection(SolutionConfigurationPlatforms) = preSolution
		Debug|Any CPU = Debug|Any CPU
		Release|Any CPU = Release|Any CPU
	EndGlobalSection
	GlobalSection(ProjectConfigurationPlatforms) = postSolution
		{AC0F5AD3-14E6-4A6B-83BB-6F4B863E5F67}.Debug|Any CPU.ActiveCfg = Debug|Any CPU
		{AC0F5AD3-14E6-4A6B-83BB-6F4B863E5F67}.Debug|Any CPU.Build.0 = Debug|Any CPU
		{AC0F5AD3-14E6-4A6B-83BB-6F4B863E5F67}.Release|Any CPU.ActiveCfg = Release|Any CPU
		{AC0F5AD3-14E6-4A6B-83BB-6F4B863E5F67}.Release|Any CPU.Build.0 = Release|Any CPU
	EndGlobalSection
EndGlobal
