
Microsoft Visual Studio Solution File, Format Version 12.00
# Visual Studio Version 16
VisualStudioVersion = 16.0.31829.152
MinimumVisualStudioVersion = 10.0.40219.1
Project("{9A19103F-16F7-4668-BE54-9A1E7A4F7556}") = "CanWeFixIt.Api", "CanWeFixItApi\CanWeFixIt.Api.csproj", "{F5BE51F2-A6FD-4147-824E-7A2E3DD6984D}"
EndProject
Project("{9A19103F-16F7-4668-BE54-9A1E7A4F7556}") = "CanWeFixIt.Data", "CanWeFixItService\CanWeFixIt.Data.csproj", "{BB862D26-613C-4D09-A150-92F1D82AA77F}"
EndProject
Global
	GlobalSection(SolutionConfigurationPlatforms) = preSolution
		Debug|Any CPU = Debug|Any CPU
		Release|Any CPU = Release|Any CPU
	EndGlobalSection
	GlobalSection(ProjectConfigurationPlatforms) = postSolution
		{F5BE51F2-A6FD-4147-824E-7A2E3DD6984D}.Debug|Any CPU.ActiveCfg = Debug|Any CPU
		{F5BE51F2-A6FD-4147-824E-7A2E3DD6984D}.Debug|Any CPU.Build.0 = Debug|Any CPU
		{F5BE51F2-A6FD-4147-824E-7A2E3DD6984D}.Release|Any CPU.ActiveCfg = Release|Any CPU
		{F5BE51F2-A6FD-4147-824E-7A2E3DD6984D}.Release|Any CPU.Build.0 = Release|Any CPU
		{BB862D26-613C-4D09-A150-92F1D82AA77F}.Debug|Any CPU.ActiveCfg = Debug|Any CPU
		{BB862D26-613C-4D09-A150-92F1D82AA77F}.Debug|Any CPU.Build.0 = Debug|Any CPU
		{BB862D26-613C-4D09-A150-92F1D82AA77F}.Release|Any CPU.ActiveCfg = Release|Any CPU
		{BB862D26-613C-4D09-A150-92F1D82AA77F}.Release|Any CPU.Build.0 = Release|Any CPU
	EndGlobalSection
	GlobalSection(SolutionProperties) = preSolution
		HideSolutionNode = FALSE
	EndGlobalSection
	GlobalSection(ExtensibilityGlobals) = postSolution
		SolutionGuid = {421C7E74-42BC-4F1A-8567-5DF4E038C8C9}
	EndGlobalSection
EndGlobal
