
Microsoft Visual Studio Solution File, Format Version 12.00
# Visual Studio Version 17
VisualStudioVersion = 17.3.32922.545
MinimumVisualStudioVersion = 10.0.40219.1
Project("{2150E333-8FDC-42A3-9474-1A3956D46DE8}") = "Solution Items", "Solution Items", "{086CC15A-C514-455B-A4A0-4DF8B015F383}"
	ProjectSection(SolutionItems) = preProject
		..\README.md = ..\README.md
	EndProjectSection
EndProject
Project("{9A19103F-16F7-4668-BE54-9A1E7A4F7556}") = "CanWeFixIt.Api", "CanWeFixIt.Api\CanWeFixIt.Api.csproj", "{7D8500CB-F7B1-4FDE-BE7A-B847AD236BF9}"
EndProject
Project("{9A19103F-16F7-4668-BE54-9A1E7A4F7556}") = "CanWeFixIt.Api.Tests", "CanWeFixIt.Api.Tests\CanWeFixIt.Api.Tests.csproj", "{4752B16D-4753-4576-A64B-9F4CD4F69003}"
EndProject
Global
	GlobalSection(SolutionConfigurationPlatforms) = preSolution
		Debug|Any CPU = Debug|Any CPU
		Release|Any CPU = Release|Any CPU
	EndGlobalSection
	GlobalSection(ProjectConfigurationPlatforms) = postSolution
		{7D8500CB-F7B1-4FDE-BE7A-B847AD236BF9}.Debug|Any CPU.ActiveCfg = Debug|Any CPU
		{7D8500CB-F7B1-4FDE-BE7A-B847AD236BF9}.Debug|Any CPU.Build.0 = Debug|Any CPU
		{7D8500CB-F7B1-4FDE-BE7A-B847AD236BF9}.Release|Any CPU.ActiveCfg = Release|Any CPU
		{7D8500CB-F7B1-4FDE-BE7A-B847AD236BF9}.Release|Any CPU.Build.0 = Release|Any CPU
		{4752B16D-4753-4576-A64B-9F4CD4F69003}.Debug|Any CPU.ActiveCfg = Debug|Any CPU
		{4752B16D-4753-4576-A64B-9F4CD4F69003}.Debug|Any CPU.Build.0 = Debug|Any CPU
		{4752B16D-4753-4576-A64B-9F4CD4F69003}.Release|Any CPU.ActiveCfg = Release|Any CPU
		{4752B16D-4753-4576-A64B-9F4CD4F69003}.Release|Any CPU.Build.0 = Release|Any CPU
	EndGlobalSection
	GlobalSection(SolutionProperties) = preSolution
		HideSolutionNode = FALSE
	EndGlobalSection
	GlobalSection(ExtensibilityGlobals) = postSolution
		SolutionGuid = {0ACECE26-3821-4AD4-BFF6-F7A895909641}
	EndGlobalSection
EndGlobal
